{
  "name": "babel-plugin-transform-regex",
  "version": "0.2.2",
  "lockfileVersion": 3,
  "requires": true,
  "packages": {
    "": {
      "name": "babel-plugin-transform-regex",
      "version": "0.2.2",
      "license": "MIT",
      "dependencies": {
        "regex": "^2.1.0"
      }
    },
    "node_modules/regex": {
      "version": "2.1.0",
      "resolved": "https://registry.npmjs.org/regex/-/regex-2.1.0.tgz",
      "integrity": "sha512-n07HpPP6RKQpqJj17VqA8bmMBMLKjXEBNeI4b8/YqdVo4xCQafCX+w/oDLw07UGpmsekkC/GIVGOLzUcdjRiXQ==",
      "license": "MIT",
      "dependencies": {
        "regex-utilities": "^2.0.0"
      }
    },
    "node_modules/regex-utilities": {
      "version": "2.0.0",
      "resolved": "https://registry.npmjs.org/regex-utilities/-/regex-utilities-2.0.0.tgz",
      "integrity": "sha512-cbzUpCx3guHr4nMSrEfup1oo9v7wJkgPA12AYRcXGKZVh9Bh97IULb07ZppOFZwqn/JHvPCEFsDmnu9K+bcmAQ==",
      "license": "MIT"
    }
  }
}
